// !$*UTF8*$!
{
	archiveVersion = 1;
	classes = {
	};
	objectVersion = 46;
	objects = {

/* Begin PBXBuildFile section */
		061B1B5D1ADEA7820060165B /* AppDelegate.swift in Sources */ = {isa = PBXBuildFile; fileRef = 061B1B5C1ADEA7820060165B /* AppDelegate.swift */; };
		061B1B601ADEA7820060165B /* BuySmart.xcdatamodeld in Sources */ = {isa = PBXBuildFile; fileRef = 061B1B5E1ADEA7820060165B /* BuySmart.xcdatamodeld */; };
		061B1B621ADEA7820060165B /* ViewController.swift in Sources */ = {isa = PBXBuildFile; fileRef = 061B1B611ADEA7820060165B /* ViewController.swift */; };
		061B1B651ADEA7820060165B /* Main.storyboard in Resources */ = {isa = PBXBuildFile; fileRef = 061B1B631ADEA7820060165B /* Main.storyboard */; };
		061B1B671ADEA7820060165B /* Images.xcassets in Resources */ = {isa = PBXBuildFile; fileRef = 061B1B661ADEA7820060165B /* Images.xcassets */; };
		061B1B6A1ADEA7820060165B /* LaunchScreen.xib in Resources */ = {isa = PBXBuildFile; fileRef = 061B1B681ADEA7820060165B /* LaunchScreen.xib */; };
		061B1B761ADEA7820060165B /* BuySmartTests.swift in Sources */ = {isa = PBXBuildFile; fileRef = 061B1B751ADEA7820060165B /* BuySmartTests.swift */; };
		065AF1021ADEB4FD0067F829 /* StoreOffersTableViewController.swift in Sources */ = {isa = PBXBuildFile; fileRef = 065AF1011ADEB4FD0067F829 /* StoreOffersTableViewController.swift */; };
		065AF1041ADEB51C0067F829 /* ShoppingListTableViewController.swift in Sources */ = {isa = PBXBuildFile; fileRef = 065AF1031ADEB51C0067F829 /* ShoppingListTableViewController.swift */; };
		06F8BAC01AE0F54F00645F2D /* ShoppingTableViewCell.swift in Sources */ = {isa = PBXBuildFile; fileRef = 06F8BABF1AE0F54E00645F2D /* ShoppingTableViewCell.swift */; };
		06F8BAC21AE0F57F00645F2D /* ShoppingTableViewHeaderCell.swift in Sources */ = {isa = PBXBuildFile; fileRef = 06F8BAC11AE0F57F00645F2D /* ShoppingTableViewHeaderCell.swift */; };
		9B980C08D42FDD3BE8847F57 /* libPods-BuySmart.a in Frameworks */ = {isa = PBXBuildFile; fileRef = BB573F727993CE79ACF174E2 /* libPods-BuySmart.a */; };
		AC84B8D4DDC3DB34230A5AA8 /* libPods.a in Frameworks */ = {isa = PBXBuildFile; fileRef = FFD29BA52E004D07D4AE81D4 /* libPods.a */; };
		AF6825B01AE0FB3C00573326 /* ETA_API.swift in Sources */ = {isa = PBXBuildFile; fileRef = AF6825AF1AE0FB3C00573326 /* ETA_API.swift */; };
		AF6825B21AE0FB8000573326 /* SwiftyJSON.swift in Sources */ = {isa = PBXBuildFile; fileRef = AF6825B11AE0FB8000573326 /* SwiftyJSON.swift */; };
/* End PBXBuildFile section */

/* Begin PBXContainerItemProxy section */
		061B1B701ADEA7820060165B /* PBXContainerItemProxy */ = {
			isa = PBXContainerItemProxy;
			containerPortal = 061B1B4F1ADEA7820060165B /* Project object */;
			proxyType = 1;
			remoteGlobalIDString = 061B1B561ADEA7820060165B;
			remoteInfo = BuySmart;
		};
/* End PBXContainerItemProxy section */

/* Begin PBXFileReference section */
		061B1B571ADEA7820060165B /* BuySmart.app */ = {isa = PBXFileReference; explicitFileType = wrapper.application; includeInIndex = 0; path = BuySmart.app; sourceTree = BUILT_PRODUCTS_DIR; };
		061B1B5B1ADEA7820060165B /* Info.plist */ = {isa = PBXFileReference; lastKnownFileType = text.plist.xml; path = Info.plist; sourceTree = "<group>"; };
		061B1B5C1ADEA7820060165B /* AppDelegate.swift */ = {isa = PBXFileReference; lastKnownFileType = sourcecode.swift; path = AppDelegate.swift; sourceTree = "<group>"; };
		061B1B5F1ADEA7820060165B /* BuySmart.xcdatamodel */ = {isa = PBXFileReference; lastKnownFileType = wrapper.xcdatamodel; path = BuySmart.xcdatamodel; sourceTree = "<group>"; };
		061B1B611ADEA7820060165B /* ViewController.swift */ = {isa = PBXFileReference; lastKnownFileType = sourcecode.swift; path = ViewController.swift; sourceTree = "<group>"; };
		061B1B641ADEA7820060165B /* Base */ = {isa = PBXFileReference; lastKnownFileType = file.storyboard; name = Base; path = Base.lproj/Main.storyboard; sourceTree = "<group>"; };
		061B1B661ADEA7820060165B /* Images.xcassets */ = {isa = PBXFileReference; lastKnownFileType = folder.assetcatalog; path = Images.xcassets; sourceTree = "<group>"; };
		061B1B691ADEA7820060165B /* Base */ = {isa = PBXFileReference; lastKnownFileType = file.xib; name = Base; path = Base.lproj/LaunchScreen.xib; sourceTree = "<group>"; };
		061B1B6F1ADEA7820060165B /* BuySmartTests.xctest */ = {isa = PBXFileReference; explicitFileType = wrapper.cfbundle; includeInIndex = 0; path = BuySmartTests.xctest; sourceTree = BUILT_PRODUCTS_DIR; };
		061B1B741ADEA7820060165B /* Info.plist */ = {isa = PBXFileReference; lastKnownFileType = text.plist.xml; path = Info.plist; sourceTree = "<group>"; };
		061B1B751ADEA7820060165B /* BuySmartTests.swift */ = {isa = PBXFileReference; lastKnownFileType = sourcecode.swift; path = BuySmartTests.swift; sourceTree = "<group>"; };
		065AF1011ADEB4FD0067F829 /* StoreOffersTableViewController.swift */ = {isa = PBXFileReference; fileEncoding = 4; lastKnownFileType = sourcecode.swift; path = StoreOffersTableViewController.swift; sourceTree = "<group>"; };
		065AF1031ADEB51C0067F829 /* ShoppingListTableViewController.swift */ = {isa = PBXFileReference; fileEncoding = 4; lastKnownFileType = sourcecode.swift; path = ShoppingListTableViewController.swift; sourceTree = "<group>"; };
		06F8BABF1AE0F54E00645F2D /* ShoppingTableViewCell.swift */ = {isa = PBXFileReference; fileEncoding = 4; lastKnownFileType = sourcecode.swift; path = ShoppingTableViewCell.swift; sourceTree = "<group>"; };
		06F8BAC11AE0F57F00645F2D /* ShoppingTableViewHeaderCell.swift */ = {isa = PBXFileReference; fileEncoding = 4; lastKnownFileType = sourcecode.swift; path = ShoppingTableViewHeaderCell.swift; sourceTree = "<group>"; };
		4839E7BF51CD6D9F1BE4B709 /* Pods-BuySmart.release.xcconfig */ = {isa = PBXFileReference; includeInIndex = 1; lastKnownFileType = text.xcconfig; name = "Pods-BuySmart.release.xcconfig"; path = "Pods/Target Support Files/Pods-BuySmart/Pods-BuySmart.release.xcconfig"; sourceTree = "<group>"; };
		A5E550D01CE8E5C23AAB5C4A /* Pods-BuySmart.debug.xcconfig */ = {isa = PBXFileReference; includeInIndex = 1; lastKnownFileType = text.xcconfig; name = "Pods-BuySmart.debug.xcconfig"; path = "Pods/Target Support Files/Pods-BuySmart/Pods-BuySmart.debug.xcconfig"; sourceTree = "<group>"; };
		AF18AD881ADEAF28007D5B8A /* Header.h */ = {isa = PBXFileReference; lastKnownFileType = sourcecode.c.h; path = Header.h; sourceTree = "<group>"; };
		AF6825AE1AE0FAC800573326 /* Header_Bridge.h */ = {isa = PBXFileReference; lastKnownFileType = sourcecode.c.h; path = Header_Bridge.h; sourceTree = "<group>"; };
		AF6825AF1AE0FB3C00573326 /* ETA_API.swift */ = {isa = PBXFileReference; fileEncoding = 4; lastKnownFileType = sourcecode.swift; path = ETA_API.swift; sourceTree = "<group>"; };
		AF6825B11AE0FB8000573326 /* SwiftyJSON.swift */ = {isa = PBXFileReference; fileEncoding = 4; lastKnownFileType = sourcecode.swift; path = SwiftyJSON.swift; sourceTree = "<group>"; };
		BB573F727993CE79ACF174E2 /* libPods-BuySmart.a */ = {isa = PBXFileReference; explicitFileType = archive.ar; includeInIndex = 0; path = "libPods-BuySmart.a"; sourceTree = BUILT_PRODUCTS_DIR; };
		C70763F1E96A2BEC9D1E8375 /* Pods.release.xcconfig */ = {isa = PBXFileReference; includeInIndex = 1; lastKnownFileType = text.xcconfig; name = Pods.release.xcconfig; path = "Pods/Target Support Files/Pods/Pods.release.xcconfig"; sourceTree = "<group>"; };
		D0233ABC2F7509381B6D6894 /* Pods.debug.xcconfig */ = {isa = PBXFileReference; includeInIndex = 1; lastKnownFileType = text.xcconfig; name = Pods.debug.xcconfig; path = "Pods/Target Support Files/Pods/Pods.debug.xcconfig"; sourceTree = "<group>"; };
		FFD29BA52E004D07D4AE81D4 /* libPods.a */ = {isa = PBXFileReference; explicitFileType = archive.ar; includeInIndex = 0; path = libPods.a; sourceTree = BUILT_PRODUCTS_DIR; };
/* End PBXFileReference section */

/* Begin PBXFrameworksBuildPhase section */
		061B1B541ADEA7820060165B /* Frameworks */ = {
			isa = PBXFrameworksBuildPhase;
			buildActionMask = 2147483647;
			files = (
				9B980C08D42FDD3BE8847F57 /* libPods-BuySmart.a in Frameworks */,
				AC84B8D4DDC3DB34230A5AA8 /* libPods.a in Frameworks */,
			);
			runOnlyForDeploymentPostprocessing = 0;
		};
		061B1B6C1ADEA7820060165B /* Frameworks */ = {
			isa = PBXFrameworksBuildPhase;
			buildActionMask = 2147483647;
			files = (
			);
			runOnlyForDeploymentPostprocessing = 0;
		};
/* End PBXFrameworksBuildPhase section */

/* Begin PBXGroup section */
		061B1B4E1ADEA7820060165B = {
			isa = PBXGroup;
			children = (
				AF6825AE1AE0FAC800573326 /* Header_Bridge.h */,
				061B1B591ADEA7820060165B /* BuySmart */,
				061B1B721ADEA7820060165B /* BuySmartTests */,
				061B1B581ADEA7820060165B /* Products */,
				BB57AACDEF93F02553C48713 /* Pods */,
				675F97F885357FF2216962EF /* Frameworks */,
			);
			sourceTree = "<group>";
		};
		061B1B581ADEA7820060165B /* Products */ = {
			isa = PBXGroup;
			children = (
				061B1B571ADEA7820060165B /* BuySmart.app */,
				061B1B6F1ADEA7820060165B /* BuySmartTests.xctest */,
			);
			name = Products;
			sourceTree = "<group>";
		};
		061B1B591ADEA7820060165B /* BuySmart */ = {
			isa = PBXGroup;
			children = (
				061B1B5C1ADEA7820060165B /* AppDelegate.swift */,
				AF6825AF1AE0FB3C00573326 /* ETA_API.swift */,
				AF6825B11AE0FB8000573326 /* SwiftyJSON.swift */,
				061B1B611ADEA7820060165B /* ViewController.swift */,
				065AF1011ADEB4FD0067F829 /* StoreOffersTableViewController.swift */,
				065AF1031ADEB51C0067F829 /* ShoppingListTableViewController.swift */,
				061B1B631ADEA7820060165B /* Main.storyboard */,
				06F8BABF1AE0F54E00645F2D /* ShoppingTableViewCell.swift */,
				06F8BAC11AE0F57F00645F2D /* ShoppingTableViewHeaderCell.swift */,
				061B1B661ADEA7820060165B /* Images.xcassets */,
				061B1B681ADEA7820060165B /* LaunchScreen.xib */,
				AF18AD881ADEAF28007D5B8A /* Header.h */,
				061B1B5E1ADEA7820060165B /* BuySmart.xcdatamodeld */,
				061B1B5A1ADEA7820060165B /* Supporting Files */,
			);
			path = BuySmart;
			sourceTree = "<group>";
		};
		061B1B5A1ADEA7820060165B /* Supporting Files */ = {
			isa = PBXGroup;
			children = (
				061B1B5B1ADEA7820060165B /* Info.plist */,
			);
			name = "Supporting Files";
			sourceTree = "<group>";
		};
		061B1B721ADEA7820060165B /* BuySmartTests */ = {
			isa = PBXGroup;
			children = (
				061B1B751ADEA7820060165B /* BuySmartTests.swift */,
				061B1B731ADEA7820060165B /* Supporting Files */,
			);
			path = BuySmartTests;
			sourceTree = "<group>";
		};
		061B1B731ADEA7820060165B /* Supporting Files */ = {
			isa = PBXGroup;
			children = (
				061B1B741ADEA7820060165B /* Info.plist */,
			);
			name = "Supporting Files";
			sourceTree = "<group>";
		};
		675F97F885357FF2216962EF /* Frameworks */ = {
			isa = PBXGroup;
			children = (
				BB573F727993CE79ACF174E2 /* libPods-BuySmart.a */,
				FFD29BA52E004D07D4AE81D4 /* libPods.a */,
			);
			name = Frameworks;
			sourceTree = "<group>";
		};
		BB57AACDEF93F02553C48713 /* Pods */ = {
			isa = PBXGroup;
			children = (
				A5E550D01CE8E5C23AAB5C4A /* Pods-BuySmart.debug.xcconfig */,
				4839E7BF51CD6D9F1BE4B709 /* Pods-BuySmart.release.xcconfig */,
				D0233ABC2F7509381B6D6894 /* Pods.debug.xcconfig */,
				C70763F1E96A2BEC9D1E8375 /* Pods.release.xcconfig */,
			);
			name = Pods;
			sourceTree = "<group>";
		};
/* End PBXGroup section */

/* Begin PBXNativeTarget section */
		061B1B561ADEA7820060165B /* BuySmart */ = {
			isa = PBXNativeTarget;
			buildConfigurationList = 061B1B791ADEA7820060165B /* Build configuration list for PBXNativeTarget "BuySmart" */;
			buildPhases = (
				985816C790901F1E6DE21317 /* Check Pods Manifest.lock */,
				061B1B531ADEA7820060165B /* Sources */,
				061B1B541ADEA7820060165B /* Frameworks */,
				061B1B551ADEA7820060165B /* Resources */,
				BF3DE92D0CEE0DF4C0C2BAE5 /* Copy Pods Resources */,
			);
			buildRules = (
			);
			dependencies = (
			);
			name = BuySmart;
			productName = BuySmart;
			productReference = 061B1B571ADEA7820060165B /* BuySmart.app */;
			productType = "com.apple.product-type.application";
		};
		061B1B6E1ADEA7820060165B /* BuySmartTests */ = {
			isa = PBXNativeTarget;
			buildConfigurationList = 061B1B7C1ADEA7820060165B /* Build configuration list for PBXNativeTarget "BuySmartTests" */;
			buildPhases = (
				061B1B6B1ADEA7820060165B /* Sources */,
				061B1B6C1ADEA7820060165B /* Frameworks */,
				061B1B6D1ADEA7820060165B /* Resources */,
			);
			buildRules = (
			);
			dependencies = (
				061B1B711ADEA7820060165B /* PBXTargetDependency */,
			);
			name = BuySmartTests;
			productName = BuySmartTests;
			productReference = 061B1B6F1ADEA7820060165B /* BuySmartTests.xctest */;
			productType = "com.apple.product-type.bundle.unit-test";
		};
/* End PBXNativeTarget section */

/* Begin PBXProject section */
		061B1B4F1ADEA7820060165B /* Project object */ = {
			isa = PBXProject;
			attributes = {
				LastUpgradeCheck = 0630;
				ORGANIZATIONNAME = "Ulf Aslak Jensen";
				TargetAttributes = {
					061B1B561ADEA7820060165B = {
						CreatedOnToolsVersion = 6.3;
					};
					061B1B6E1ADEA7820060165B = {
						CreatedOnToolsVersion = 6.3;
						TestTargetID = 061B1B561ADEA7820060165B;
					};
				};
			};
			buildConfigurationList = 061B1B521ADEA7820060165B /* Build configuration list for PBXProject "BuySmart" */;
			compatibilityVersion = "Xcode 3.2";
			developmentRegion = English;
			hasScannedForEncodings = 0;
			knownRegions = (
				en,
				Base,
			);
			mainGroup = 061B1B4E1ADEA7820060165B;
			productRefGroup = 061B1B581ADEA7820060165B /* Products */;
			projectDirPath = "";
			projectRoot = "";
			targets = (
				061B1B561ADEA7820060165B /* BuySmart */,
				061B1B6E1ADEA7820060165B /* BuySmartTests */,
			);
		};
/* End PBXProject section */

/* Begin PBXResourcesBuildPhase section */
		061B1B551ADEA7820060165B /* Resources */ = {
			isa = PBXResourcesBuildPhase;
			buildActionMask = 2147483647;
			files = (
				061B1B651ADEA7820060165B /* Main.storyboard in Resources */,
				061B1B6A1ADEA7820060165B /* LaunchScreen.xib in Resources */,
				061B1B671ADEA7820060165B /* Images.xcassets in Resources */,
			);
			runOnlyForDeploymentPostprocessing = 0;
		};
		061B1B6D1ADEA7820060165B /* Resources */ = {
			isa = PBXResourcesBuildPhase;
			buildActionMask = 2147483647;
			files = (
			);
			runOnlyForDeploymentPostprocessing = 0;
		};
/* End PBXResourcesBuildPhase section */

/* Begin PBXShellScriptBuildPhase section */
		985816C790901F1E6DE21317 /* Check Pods Manifest.lock */ = {
			isa = PBXShellScriptBuildPhase;
			buildActionMask = 2147483647;
			files = (
			);
			inputPaths = (
			);
			name = "Check Pods Manifest.lock";
			outputPaths = (
			);
			runOnlyForDeploymentPostprocessing = 0;
			shellPath = /bin/sh;
			shellScript = "diff \"${PODS_ROOT}/../Podfile.lock\" \"${PODS_ROOT}/Manifest.lock\" > /dev/null\nif [[ $? != 0 ]] ; then\n    cat << EOM\nerror: The sandbox is not in sync with the Podfile.lock. Run 'pod install' or update your CocoaPods installation.\nEOM\n    exit 1\nfi\n";
			showEnvVarsInLog = 0;
		};
		BF3DE92D0CEE0DF4C0C2BAE5 /* Copy Pods Resources */ = {
			isa = PBXShellScriptBuildPhase;
			buildActionMask = 2147483647;
			files = (
			);
			inputPaths = (
			);
			name = "Copy Pods Resources";
			outputPaths = (
			);
			runOnlyForDeploymentPostprocessing = 0;
			shellPath = /bin/sh;
			shellScript = "\"${SRCROOT}/Pods/Target Support Files/Pods/Pods-resources.sh\"\n";
			showEnvVarsInLog = 0;
		};
/* End PBXShellScriptBuildPhase section */

/* Begin PBXSourcesBuildPhase section */
		061B1B531ADEA7820060165B /* Sources */ = {
			isa = PBXSourcesBuildPhase;
			buildActionMask = 2147483647;
			files = (
				065AF1041ADEB51C0067F829 /* ShoppingListTableViewController.swift in Sources */,
				06F8BAC01AE0F54F00645F2D /* ShoppingTableViewCell.swift in Sources */,
				065AF1021ADEB4FD0067F829 /* StoreOffersTableViewController.swift in Sources */,
				061B1B621ADEA7820060165B /* ViewController.swift in Sources */,
				06F8BAC21AE0F57F00645F2D /* ShoppingTableViewHeaderCell.swift in Sources */,
				061B1B601ADEA7820060165B /* BuySmart.xcdatamodeld in Sources */,
				061B1B5D1ADEA7820060165B /* AppDelegate.swift in Sources */,
				AF6825B21AE0FB8000573326 /* SwiftyJSON.swift in Sources */,
				AF6825B01AE0FB3C00573326 /* ETA_API.swift in Sources */,
			);
			runOnlyForDeploymentPostprocessing = 0;
		};
		061B1B6B1ADEA7820060165B /* Sources */ = {
			isa = PBXSourcesBuildPhase;
			buildActionMask = 2147483647;
			files = (
				061B1B761ADEA7820060165B /* BuySmartTests.swift in Sources */,
			);
			runOnlyForDeploymentPostprocessing = 0;
		};
/* End PBXSourcesBuildPhase section */

/* Begin PBXTargetDependency section */
		061B1B711ADEA7820060165B /* PBXTargetDependency */ = {
			isa = PBXTargetDependency;
			target = 061B1B561ADEA7820060165B /* BuySmart */;
			targetProxy = 061B1B701ADEA7820060165B /* PBXContainerItemProxy */;
		};
/* End PBXTargetDependency section */

/* Begin PBXVariantGroup section */
		061B1B631ADEA7820060165B /* Main.storyboard */ = {
			isa = PBXVariantGroup;
			children = (
				061B1B641ADEA7820060165B /* Base */,
			);
			name = Main.storyboard;
			sourceTree = "<group>";
		};
		061B1B681ADEA7820060165B /* LaunchScreen.xib */ = {
			isa = PBXVariantGroup;
			children = (
				061B1B691ADEA7820060165B /* Base */,
			);
			name = LaunchScreen.xib;
			sourceTree = "<group>";
		};
/* End PBXVariantGroup section */

/* Begin XCBuildConfiguration section */
		061B1B771ADEA7820060165B /* Debug */ = {
			isa = XCBuildConfiguration;
			buildSettings = {
				ALWAYS_SEARCH_USER_PATHS = NO;
				CLANG_CXX_LANGUAGE_STANDARD = "gnu++0x";
				CLANG_CXX_LIBRARY = "libc++";
				CLANG_ENABLE_MODULES = YES;
				CLANG_ENABLE_OBJC_ARC = YES;
				CLANG_WARN_BOOL_CONVERSION = YES;
				CLANG_WARN_CONSTANT_CONVERSION = YES;
				CLANG_WARN_DIRECT_OBJC_ISA_USAGE = YES_ERROR;
				CLANG_WARN_EMPTY_BODY = YES;
				CLANG_WARN_ENUM_CONVERSION = YES;
				CLANG_WARN_INT_CONVERSION = YES;
				CLANG_WARN_OBJC_ROOT_CLASS = YES_ERROR;
				CLANG_WARN_UNREACHABLE_CODE = YES;
				CLANG_WARN__DUPLICATE_METHOD_MATCH = YES;
				"CODE_SIGN_IDENTITY[sdk=iphoneos*]" = "iPhone Developer";
				COPY_PHASE_STRIP = NO;
				DEBUG_INFORMATION_FORMAT = "dwarf-with-dsym";
				ENABLE_STRICT_OBJC_MSGSEND = YES;
				GCC_C_LANGUAGE_STANDARD = gnu99;
				GCC_DYNAMIC_NO_PIC = NO;
				GCC_NO_COMMON_BLOCKS = YES;
				GCC_OPTIMIZATION_LEVEL = 0;
				GCC_PREPROCESSOR_DEFINITIONS = (
					"DEBUG=1",
					"$(inherited)",
				);
				GCC_SYMBOLS_PRIVATE_EXTERN = NO;
				GCC_WARN_64_TO_32_BIT_CONVERSION = YES;
				GCC_WARN_ABOUT_RETURN_TYPE = YES_ERROR;
				GCC_WARN_UNDECLARED_SELECTOR = YES;
				GCC_WARN_UNINITIALIZED_AUTOS = YES_AGGRESSIVE;
				GCC_WARN_UNUSED_FUNCTION = YES;
				GCC_WARN_UNUSED_VARIABLE = YES;
				IPHONEOS_DEPLOYMENT_TARGET = 8.3;
				MTL_ENABLE_DEBUG_INFO = YES;
				ONLY_ACTIVE_ARCH = YES;
				SDKROOT = iphoneos;
				SWIFT_OBJC_BRIDGING_HEADER = /Users/Henrik/iOS_programs/BuySmart/Header_Bridge.h;
				SWIFT_OPTIMIZATION_LEVEL = "-Onone";
			};
			name = Debug;
		};
		061B1B781ADEA7820060165B /* Release */ = {
			isa = XCBuildConfiguration;
			buildSettings = {
				ALWAYS_SEARCH_USER_PATHS = NO;
				CLANG_CXX_LANGUAGE_STANDARD = "gnu++0x";
				CLANG_CXX_LIBRARY = "libc++";
				CLANG_ENABLE_MODULES = YES;
				CLANG_ENABLE_OBJC_ARC = YES;
				CLANG_WARN_BOOL_CONVERSION = YES;
				CLANG_WARN_CONSTANT_CONVERSION = YES;
				CLANG_WARN_DIRECT_OBJC_ISA_USAGE = YES_ERROR;
				CLANG_WARN_EMPTY_BODY = YES;
				CLANG_WARN_ENUM_CONVERSION = YES;
				CLANG_WARN_INT_CONVERSION = YES;
				CLANG_WARN_OBJC_ROOT_CLASS = YES_ERROR;
				CLANG_WARN_UNREACHABLE_CODE = YES;
				CLANG_WARN__DUPLICATE_METHOD_MATCH = YES;
				"CODE_SIGN_IDENTITY[sdk=iphoneos*]" = "iPhone Developer";
				COPY_PHASE_STRIP = NO;
				DEBUG_INFORMATION_FORMAT = "dwarf-with-dsym";
				ENABLE_NS_ASSERTIONS = NO;
				ENABLE_STRICT_OBJC_MSGSEND = YES;
				GCC_C_LANGUAGE_STANDARD = gnu99;
				GCC_NO_COMMON_BLOCKS = YES;
				GCC_WARN_64_TO_32_BIT_CONVERSION = YES;
				GCC_WARN_ABOUT_RETURN_TYPE = YES_ERROR;
				GCC_WARN_UNDECLARED_SELECTOR = YES;
				GCC_WARN_UNINITIALIZED_AUTOS = YES_AGGRESSIVE;
				GCC_WARN_UNUSED_FUNCTION = YES;
				GCC_WARN_UNUSED_VARIABLE = YES;
				IPHONEOS_DEPLOYMENT_TARGET = 8.3;
				MTL_ENABLE_DEBUG_INFO = NO;
				SDKROOT = iphoneos;
				SWIFT_OBJC_BRIDGING_HEADER = /Users/Henrik/iOS_programs/BuySmart/Header_Bridge.h;
				VALIDATE_PRODUCT = YES;
			};
			name = Release;
		};
		061B1B7A1ADEA7820060165B /* Debug */ = {
			isa = XCBuildConfiguration;
			baseConfigurationReference = D0233ABC2F7509381B6D6894 /* Pods.debug.xcconfig */;
			buildSettings = {
				ASSETCATALOG_COMPILER_APPICON_NAME = AppIcon;
				INFOPLIST_FILE = BuySmart/Info.plist;
				LD_RUNPATH_SEARCH_PATHS = "$(inherited) @executable_path/Frameworks";
				PRODUCT_NAME = "$(TARGET_NAME)";
				SWIFT_OBJC_BRIDGING_HEADER = BuySmart/Header.h;
			};
			name = Debug;
		};
		061B1B7B1ADEA7820060165B /* Release */ = {
			isa = XCBuildConfiguration;
			baseConfigurationReference = C70763F1E96A2BEC9D1E8375 /* Pods.release.xcconfig */;
			buildSettings = {
				ASSETCATALOG_COMPILER_APPICON_NAME = AppIcon;
				INFOPLIST_FILE = BuySmart/Info.plist;
				LD_RUNPATH_SEARCH_PATHS = "$(inherited) @executable_path/Frameworks";
				PRODUCT_NAME = "$(TARGET_NAME)";
				SWIFT_OBJC_BRIDGING_HEADER = BuySmart/Header.h;
			};
			name = Release;
		};
		061B1B7D1ADEA7820060165B /* Debug */ = {
			isa = XCBuildConfiguration;
			buildSettings = {
				BUNDLE_LOADER = "$(TEST_HOST)";
				FRAMEWORK_SEARCH_PATHS = (
					"$(SDKROOT)/Developer/Library/Frameworks",
					"$(inherited)",
				);
				GCC_PREPROCESSOR_DEFINITIONS = (
					"DEBUG=1",
					"$(inherited)",
				);
				INFOPLIST_FILE = BuySmartTests/Info.plist;
				LD_RUNPATH_SEARCH_PATHS = "$(inherited) @executable_path/Frameworks @loader_path/Frameworks";
				PRODUCT_NAME = "$(TARGET_NAME)";
				SWIFT_OBJC_BRIDGING_HEADER = "";
				TEST_HOST = "$(BUILT_PRODUCTS_DIR)/BuySmart.app/BuySmart";
			};
			name = Debug;
		};
		061B1B7E1ADEA7820060165B /* Release */ = {
			isa = XCBuildConfiguration;
			buildSettings = {
				BUNDLE_LOADER = "$(TEST_HOST)";
				FRAMEWORK_SEARCH_PATHS = (
					"$(SDKROOT)/Developer/Library/Frameworks",
					"$(inherited)",
				);
				INFOPLIST_FILE = BuySmartTests/Info.plist;
				LD_RUNPATH_SEARCH_PATHS = "$(inherited) @executable_path/Frameworks @loader_path/Frameworks";
				PRODUCT_NAME = "$(TARGET_NAME)";
				SWIFT_OBJC_BRIDGING_HEADER = "";
				TEST_HOST = "$(BUILT_PRODUCTS_DIR)/BuySmart.app/BuySmart";
			};
			name = Release;
		};
/* End XCBuildConfiguration section */

/* Begin XCConfigurationList section */
		061B1B521ADEA7820060165B /* Build configuration list for PBXProject "BuySmart" */ = {
			isa = XCConfigurationList;
			buildConfigurations = (
				061B1B771ADEA7820060165B /* Debug */,
				061B1B781ADEA7820060165B /* Release */,
			);
			defaultConfigurationIsVisible = 0;
			defaultConfigurationName = Release;
		};
		061B1B791ADEA7820060165B /* Build configuration list for PBXNativeTarget "BuySmart" */ = {
			isa = XCConfigurationList;
			buildConfigurations = (
				061B1B7A1ADEA7820060165B /* Debug */,
				061B1B7B1ADEA7820060165B /* Release */,
			);
			defaultConfigurationIsVisible = 0;
			defaultConfigurationName = Release;
		};
		061B1B7C1ADEA7820060165B /* Build configuration list for PBXNativeTarget "BuySmartTests" */ = {
			isa = XCConfigurationList;
			buildConfigurations = (
				061B1B7D1ADEA7820060165B /* Debug */,
				061B1B7E1ADEA7820060165B /* Release */,
			);
			defaultConfigurationIsVisible = 0;
			defaultConfigurationName = Release;
		};
/* End XCConfigurationList section */

/* Begin XCVersionGroup section */
		061B1B5E1ADEA7820060165B /* BuySmart.xcdatamodeld */ = {
			isa = XCVersionGroup;
			children = (
				061B1B5F1ADEA7820060165B /* BuySmart.xcdatamodel */,
			);
			currentVersion = 061B1B5F1ADEA7820060165B /* BuySmart.xcdatamodel */;
			path = BuySmart.xcdatamodeld;
			sourceTree = "<group>";
			versionGroupType = wrapper.xcdatamodel;
		};
/* End XCVersionGroup section */
	};
	rootObject = 061B1B4F1ADEA7820060165B /* Project object */;
}
